
Microsoft Visual Studio Solution File, Format Version 12.00
# Visual Studio Version 17
VisualStudioVersion = 17.7.34024.191
MinimumVisualStudioVersion = 10.0.40219.1
Project("{8BC9CEB8-8B4A-11D0-8D11-00A0C91BC942}") = "hw5", "hw5.vcxproj", "{F7E864AA-CB16-4A3F-91CB-FA046C45BF03}"
EndProject
Global
	GlobalSection(SolutionConfigurationPlatforms) = preSolution
		Debug|x64 = Debug|x64
		Debug|x86 = Debug|x86
		Release|x64 = Release|x64
		Release|x86 = Release|x86
	EndGlobalSection
	GlobalSection(ProjectConfigurationPlatforms) = postSolution
		{F7E864AA-CB16-4A3F-91CB-FA046C45BF03}.Debug|x64.ActiveCfg = Debug|x64
		{F7E864AA-CB16-4A3F-91CB-FA046C45BF03}.Debug|x64.Build.0 = Debug|x64
		{F7E864AA-CB16-4A3F-91CB-FA046C45BF03}.Debug|x86.ActiveCfg = Debug|Win32
		{F7E864AA-CB16-4A3F-91CB-FA046C45BF03}.Debug|x86.Build.0 = Debug|Win32
		{F7E864AA-CB16-4A3F-91CB-FA046C45BF03}.Release|x64.ActiveCfg = Release|x64
		{F7E864AA-CB16-4A3F-91CB-FA046C45BF03}.Release|x64.Build.0 = Release|x64
		{F7E864AA-CB16-4A3F-91CB-FA046C45BF03}.Release|x86.ActiveCfg = Release|Win32
		{F7E864AA-CB16-4A3F-91CB-FA046C45BF03}.Release|x86.Build.0 = Release|Win32
	EndGlobalSection
	GlobalSection(SolutionProperties) = preSolution
		HideSolutionNode = FALSE
	EndGlobalSection
	GlobalSection(ExtensibilityGlobals) = postSolution
		SolutionGuid = {D4B02E26-B31F-4B99-8B2B-534C4201C7CC}
	EndGlobalSection
EndGlobal
